
Microsoft Visual Studio Solution File, Format Version 12.00
# Visual Studio Version 17
VisualStudioVersion = 17.9.34622.214
MinimumVisualStudioVersion = 10.0.40219.1
Project("{FAE04EC0-301F-11D3-BF4B-00C04F79EFBC}") = "update_stash_api", "update_stash_api\update_stash_api.csproj", "{D179E92E-508A-47D7-884D-3B0ECF457328}"
EndProject
Global
	GlobalSection(SolutionConfigurationPlatforms) = preSolution
		Debug|Any CPU = Debug|Any CPU
		Release|Any CPU = Release|Any CPU
	EndGlobalSection
	GlobalSection(ProjectConfigurationPlatforms) = postSolution
		{D179E92E-508A-47D7-884D-3B0ECF457328}.Debug|Any CPU.ActiveCfg = Debug|Any CPU
		{D179E92E-508A-47D7-884D-3B0ECF457328}.Debug|Any CPU.Build.0 = Debug|Any CPU
		{D179E92E-508A-47D7-884D-3B0ECF457328}.Release|Any CPU.ActiveCfg = Release|Any CPU
		{D179E92E-508A-47D7-884D-3B0ECF457328}.Release|Any CPU.Build.0 = Release|Any CPU
	EndGlobalSection
	GlobalSection(SolutionProperties) = preSolution
		HideSolutionNode = FALSE
	EndGlobalSection
	GlobalSection(ExtensibilityGlobals) = postSolution
		SolutionGuid = {C9872851-31E6-48DC-99D5-A471B8C2CE65}
	EndGlobalSection
EndGlobal
